
Microsoft Visual Studio Solution File, Format Version 12.00
# Visual Studio Version 17
VisualStudioVersion = 17.13.35931.197 d17.13
MinimumVisualStudioVersion = 10.0.40219.1
Project("{FAE04EC0-301F-11D3-BF4B-00C04F79EFBC}") = "Practice4", "Practice4.csproj", "{7BFD32A9-2605-4336-AB7F-5B2DC5DC6EFF}"
EndProject
Global
	GlobalSection(SolutionConfigurationPlatforms) = preSolution
		Debug|Any CPU = Debug|Any CPU
		Release|Any CPU = Release|Any CPU
	EndGlobalSection
	GlobalSection(ProjectConfigurationPlatforms) = postSolution
		{7BFD32A9-2605-4336-AB7F-5B2DC5DC6EFF}.Debug|Any CPU.ActiveCfg = Debug|Any CPU
		{7BFD32A9-2605-4336-AB7F-5B2DC5DC6EFF}.Debug|Any CPU.Build.0 = Debug|Any CPU
		{7BFD32A9-2605-4336-AB7F-5B2DC5DC6EFF}.Release|Any CPU.ActiveCfg = Release|Any CPU
		{7BFD32A9-2605-4336-AB7F-5B2DC5DC6EFF}.Release|Any CPU.Build.0 = Release|Any CPU
	EndGlobalSection
	GlobalSection(SolutionProperties) = preSolution
		HideSolutionNode = FALSE
	EndGlobalSection
	GlobalSection(ExtensibilityGlobals) = postSolution
		SolutionGuid = {89327AB3-E0C5-466E-866E-444BBA775074}
	EndGlobalSection
EndGlobal
